
Microsoft Visual Studio Solution File, Format Version 12.00
Project("{FAE04EC0-301F-11D3-BF4B-00C04F79EFBC}") = "portugol-runtime", "portugol-runtime.csproj", "{E6F81747-1A31-4B39-A84D-44200EE959DB}"
EndProject
Global
	GlobalSection(SolutionConfigurationPlatforms) = preSolution
		Debug|Any CPU = Debug|Any CPU
		Release|Any CPU = Release|Any CPU
	EndGlobalSection
	GlobalSection(ProjectConfigurationPlatforms) = postSolution
		{E6F81747-1A31-4B39-A84D-44200EE959DB}.Debug|Any CPU.ActiveCfg = Debug|Any CPU
		{E6F81747-1A31-4B39-A84D-44200EE959DB}.Debug|Any CPU.Build.0 = Debug|Any CPU
		{E6F81747-1A31-4B39-A84D-44200EE959DB}.Release|Any CPU.ActiveCfg = Release|Any CPU
		{E6F81747-1A31-4B39-A84D-44200EE959DB}.Release|Any CPU.Build.0 = Release|Any CPU
	EndGlobalSection
EndGlobal
